
Microsoft Visual Studio Solution File, Format Version 12.00
# Visual Studio Version 16
VisualStudioVersion = 16.0.33927.289
MinimumVisualStudioVersion = 10.0.40219.1
Project("{FAE04EC0-301F-11D3-BF4B-00C04F79EFBC}") = "Application de gestion du personnel", "Application de gestion du personnel.csproj", "{975956B6-A206-47E5-8B61-AFA896A92F9F}"
EndProject
Project("{2150E333-8FDC-42A3-9474-1A3956D46DE8}") = "Solution Items", "Solution Items", "{781DD781-0352-4761-ACBD-93C386CBBC6B}"
	ProjectSection(SolutionItems) = preProject
		imagePerso.png = imagePerso.png
	EndProjectSection
EndProject
Global
	GlobalSection(SolutionConfigurationPlatforms) = preSolution
		Debug|Any CPU = Debug|Any CPU
		Release|Any CPU = Release|Any CPU
	EndGlobalSection
	GlobalSection(ProjectConfigurationPlatforms) = postSolution
		{975956B6-A206-47E5-8B61-AFA896A92F9F}.Debug|Any CPU.ActiveCfg = Debug|Any CPU
		{975956B6-A206-47E5-8B61-AFA896A92F9F}.Debug|Any CPU.Build.0 = Debug|Any CPU
		{975956B6-A206-47E5-8B61-AFA896A92F9F}.Release|Any CPU.ActiveCfg = Release|Any CPU
		{975956B6-A206-47E5-8B61-AFA896A92F9F}.Release|Any CPU.Build.0 = Release|Any CPU
	EndGlobalSection
	GlobalSection(SolutionProperties) = preSolution
		HideSolutionNode = FALSE
	EndGlobalSection
	GlobalSection(ExtensibilityGlobals) = postSolution
		SolutionGuid = {6C3CC94A-7A25-40FF-8726-854C04C15194}
	EndGlobalSection
EndGlobal
